# THIS IS AN AUTOGENERATED FILE. DO NOT EDIT THIS FILE DIRECTLY.
# yarn lockfile v1


"@aashutoshrathi/word-wrap@^1.2.3":
  version "1.2.6"

"@cspotcode/source-map-support@^0.8.0":
  version "0.8.1"
  dependencies:
    "@jridgewell/trace-mapping" "0.3.9"

"@eslint-community/eslint-utils@^4.2.0", "@eslint-community/eslint-utils@^4.4.0":
  version "4.4.0"
  dependencies:
    eslint-visitor-keys "^3.3.0"

"@eslint-community/regexpp@^4.10.0", "@eslint-community/regexpp@^4.6.1":
  version "4.10.0"

"@eslint/eslintrc@^2.1.4":
  version "2.1.4"
  dependencies:
    ajv "^6.12.4"
    debug "^4.3.2"
    espree "^9.6.0"
    globals "^13.19.0"
    ignore "^5.2.0"
    import-fresh "^3.2.1"
    js-yaml "^4.1.0"
    minimatch "^3.1.2"
    strip-json-comments "^3.1.1"

"@eslint/js@^9.1.1":
  version "9.1.1"

"@eslint/js@8.57.0":
  version "8.57.0"

"@fastify/ajv-compiler@^3.5.0":
  version "3.5.0"
  dependencies:
    ajv "^8.11.0"
    ajv-formats "^2.1.1"
    fast-uri "^2.0.0"

"@fastify/error@^3.3.0", "@fastify/error@^3.4.0":
  version "3.4.1"

"@fastify/fast-json-stringify-compiler@^4.3.0":
  version "4.3.0"
  dependencies:
    fast-json-stringify "^5.7.0"

"@fastify/merge-json-schemas@^0.1.0":
  version "0.1.1"
  dependencies:
    fast-deep-equal "^3.1.3"

"@fastify/mysql@^4.3.0":
  version "4.3.0"
  resolved "https://registry.npmjs.org/@fastify/mysql/-/mysql-4.3.0.tgz"
  integrity sha512-eVx5/PyMmoBWp3hTaqdvXiZdo8YnKsAx3k/8AEXgI/MjUbgcn8YrSdy8eHSpCL3YZtBhD/2vLpOXFFciyqlWjQ==
  dependencies:
    fastify-plugin "^4.0.0"
    mysql2 "^3.9.7"

"@humanwhocodes/config-array@^0.11.14":
  version "0.11.14"
  dependencies:
    "@humanwhocodes/object-schema" "^2.0.2"
    debug "^4.3.1"
    minimatch "^3.0.5"

"@humanwhocodes/module-importer@^1.0.1":
  version "1.0.1"

"@humanwhocodes/object-schema@^2.0.2":
  version "2.0.3"

"@jridgewell/resolve-uri@^3.0.3":
  version "3.1.2"

"@jridgewell/sourcemap-codec@^1.4.10":
  version "1.4.15"

"@jridgewell/trace-mapping@0.3.9":
  version "0.3.9"
  dependencies:
    "@jridgewell/resolve-uri" "^3.0.3"
    "@jridgewell/sourcemap-codec" "^1.4.10"

"@mapbox/node-pre-gyp@^1.0.11":
  version "1.0.11"
  resolved "https://registry.npmjs.org/@mapbox/node-pre-gyp/-/node-pre-gyp-1.0.11.tgz"
  integrity sha512-Yhlar6v9WQgUp/He7BdgzOz8lqMQ8sU+jkCq7Wx8Myc5YFJLbEe7lgui/V7G1qB1DJykHSGwreceSaD60Y0PUQ==
  dependencies:
    detect-libc "^2.0.0"
    https-proxy-agent "^5.0.0"
    make-dir "^3.1.0"
    node-fetch "^2.6.7"
    nopt "^5.0.0"
    npmlog "^5.0.1"
    rimraf "^3.0.2"
    semver "^7.3.5"
    tar "^6.1.11"

"@nodelib/fs.scandir@2.1.5":
  version "2.1.5"
  dependencies:
    "@nodelib/fs.stat" "2.0.5"
    run-parallel "^1.1.9"

"@nodelib/fs.stat@^2.0.2", "@nodelib/fs.stat@2.0.5":
  version "2.0.5"

"@nodelib/fs.walk@^1.2.3", "@nodelib/fs.walk@^1.2.8":
  version "1.2.8"
  dependencies:
    "@nodelib/fs.scandir" "2.1.5"
    fastq "^1.6.0"

"@redis/bloom@1.2.0":
  version "1.2.0"
  resolved "https://registry.npmjs.org/@redis/bloom/-/bloom-1.2.0.tgz"
  integrity sha512-HG2DFjYKbpNmVXsa0keLHp/3leGJz1mjh09f2RLGGLQZzSHpkmZWuwJbAvo3QcRY8p80m5+ZdXZdYOSBLlp7Cg==

"@redis/client@^1.0.0", "@redis/client@1.5.14":
  version "1.5.14"
  resolved "https://registry.npmjs.org/@redis/client/-/client-1.5.14.tgz"
  integrity sha512-YGn0GqsRBFUQxklhY7v562VMOP0DcmlrHHs3IV1mFE3cbxe31IITUkqhBcIhVSI/2JqtWAJXg5mjV4aU+zD0HA==
  dependencies:
    cluster-key-slot "1.1.2"
    generic-pool "3.9.0"
    yallist "4.0.0"

"@redis/graph@1.1.1":
  version "1.1.1"
  resolved "https://registry.npmjs.org/@redis/graph/-/graph-1.1.1.tgz"
  integrity sha512-FEMTcTHZozZciLRl6GiiIB4zGm5z5F3F6a6FZCyrfxdKOhFlGkiAqlexWMBzCi4DcRoyiOsuLfW+cjlGWyExOw==

"@redis/json@1.0.6":
  version "1.0.6"
  resolved "https://registry.npmjs.org/@redis/json/-/json-1.0.6.tgz"
  integrity sha512-rcZO3bfQbm2zPRpqo82XbW8zg4G/w4W3tI7X8Mqleq9goQjAGLL7q/1n1ZX4dXEAmORVZ4s1+uKLaUOg7LrUhw==

"@redis/search@1.1.6":
  version "1.1.6"
  resolved "https://registry.npmjs.org/@redis/search/-/search-1.1.6.tgz"
  integrity sha512-mZXCxbTYKBQ3M2lZnEddwEAks0Kc7nauire8q20oA0oA/LoA+E/b5Y5KZn232ztPb1FkIGqo12vh3Lf+Vw5iTw==

"@redis/time-series@1.0.5":
  version "1.0.5"
  resolved "https://registry.npmjs.org/@redis/time-series/-/time-series-1.0.5.tgz"
  integrity sha512-IFjIgTusQym2B5IZJG3XKr5llka7ey84fw/NOYqESP5WUfQs9zz1ww/9+qoz4ka/S6KcGBodzlCeZ5UImKbscg==

"@tsconfig/node10@^1.0.7":
  version "1.0.11"

"@tsconfig/node12@^1.0.7":
  version "1.0.11"

"@tsconfig/node14@^1.0.0":
  version "1.0.3"

"@tsconfig/node16@^1.0.2":
  version "1.0.4"

"@types/bcrypt@^5.0.2":
  version "5.0.2"
  resolved "https://registry.npmjs.org/@types/bcrypt/-/bcrypt-5.0.2.tgz"
  integrity sha512-6atioO8Y75fNcbmj0G7UjI9lXN2pQ/IGJ2FWT4a/btd0Lk9lQalHLKhkgKVZ3r+spnmWUKfbMi1GEe9wyHQfNQ==
  dependencies:
    "@types/node" "*"

"@types/json-schema@^7.0.15":
  version "7.0.15"
  resolved "https://registry.npmjs.org/@types/json-schema/-/json-schema-7.0.15.tgz"
  integrity sha512-5+fP8P8MFNC+AyZCDxrB2pkZFPGzqQWUzpSeuuVLvm8VMcorNYavBqoFcxK8bQz4Qsbn4oUEEem4wDLfcysGHA==

"@types/node@*", "@types/node@^20.12.7":
  version "20.12.7"
  dependencies:
    undici-types "~5.26.4"

"@types/semver@^7.5.8":
  version "7.5.8"
  resolved "https://registry.npmjs.org/@types/semver/-/semver-7.5.8.tgz"
  integrity sha512-I8EUhyrgfLrcTkzV3TSsGyl1tSuPrEDzr0yd5m90UgNxQkyDXULk3b6MlQqTCpZpNtWe1K0hzclnZkTcLBe2UQ==

"@typescript-eslint/eslint-plugin@7.8.0":
  version "7.8.0"
  resolved "https://registry.npmjs.org/@typescript-eslint/eslint-plugin/-/eslint-plugin-7.8.0.tgz"
  integrity sha512-gFTT+ezJmkwutUPmB0skOj3GZJtlEGnlssems4AjkVweUPGj7jRwwqg0Hhg7++kPGJqKtTYx+R05Ftww372aIg==
  dependencies:
    "@eslint-community/regexpp" "^4.10.0"
    "@typescript-eslint/scope-manager" "7.8.0"
    "@typescript-eslint/type-utils" "7.8.0"
    "@typescript-eslint/utils" "7.8.0"
    "@typescript-eslint/visitor-keys" "7.8.0"
    debug "^4.3.4"
    graphemer "^1.4.0"
    ignore "^5.3.1"
    natural-compare "^1.4.0"
    semver "^7.6.0"
    ts-api-utils "^1.3.0"

"@typescript-eslint/parser@^7.0.0", "@typescript-eslint/parser@7.8.0":
  version "7.8.0"
  resolved "https://registry.npmjs.org/@typescript-eslint/parser/-/parser-7.8.0.tgz"
  integrity sha512-KgKQly1pv0l4ltcftP59uQZCi4HUYswCLbTqVZEJu7uLX8CTLyswqMLqLN+2QFz4jCptqWVV4SB7vdxcH2+0kQ==
  dependencies:
    "@typescript-eslint/scope-manager" "7.8.0"
    "@typescript-eslint/types" "7.8.0"
    "@typescript-eslint/typescript-estree" "7.8.0"
    "@typescript-eslint/visitor-keys" "7.8.0"
    debug "^4.3.4"

"@typescript-eslint/scope-manager@7.8.0":
  version "7.8.0"
  resolved "https://registry.npmjs.org/@typescript-eslint/scope-manager/-/scope-manager-7.8.0.tgz"
  integrity sha512-viEmZ1LmwsGcnr85gIq+FCYI7nO90DVbE37/ll51hjv9aG+YZMb4WDE2fyWpUR4O/UrhGRpYXK/XajcGTk2B8g==
  dependencies:
    "@typescript-eslint/types" "7.8.0"
    "@typescript-eslint/visitor-keys" "7.8.0"

"@typescript-eslint/type-utils@7.8.0":
  version "7.8.0"
  resolved "https://registry.npmjs.org/@typescript-eslint/type-utils/-/type-utils-7.8.0.tgz"
  integrity sha512-H70R3AefQDQpz9mGv13Uhi121FNMh+WEaRqcXTX09YEDky21km4dV1ZXJIp8QjXc4ZaVkXVdohvWDzbnbHDS+A==
  dependencies:
    "@typescript-eslint/typescript-estree" "7.8.0"
    "@typescript-eslint/utils" "7.8.0"
    debug "^4.3.4"
    ts-api-utils "^1.3.0"

"@typescript-eslint/types@7.8.0":
  version "7.8.0"
  resolved "https://registry.npmjs.org/@typescript-eslint/types/-/types-7.8.0.tgz"
  integrity sha512-wf0peJ+ZGlcH+2ZS23aJbOv+ztjeeP8uQ9GgwMJGVLx/Nj9CJt17GWgWWoSmoRVKAX2X+7fzEnAjxdvK2gqCLw==

"@typescript-eslint/typescript-estree@7.8.0":
  version "7.8.0"
  resolved "https://registry.npmjs.org/@typescript-eslint/typescript-estree/-/typescript-estree-7.8.0.tgz"
  integrity sha512-5pfUCOwK5yjPaJQNy44prjCwtr981dO8Qo9J9PwYXZ0MosgAbfEMB008dJ5sNo3+/BN6ytBPuSvXUg9SAqB0dg==
  dependencies:
    "@typescript-eslint/types" "7.8.0"
    "@typescript-eslint/visitor-keys" "7.8.0"
    debug "^4.3.4"
    globby "^11.1.0"
    is-glob "^4.0.3"
    minimatch "^9.0.4"
    semver "^7.6.0"
    ts-api-utils "^1.3.0"

"@typescript-eslint/utils@7.8.0":
  version "7.8.0"
  resolved "https://registry.npmjs.org/@typescript-eslint/utils/-/utils-7.8.0.tgz"
  integrity sha512-L0yFqOCflVqXxiZyXrDr80lnahQfSOfc9ELAAZ75sqicqp2i36kEZZGuUymHNFoYOqxRT05up760b4iGsl02nQ==
  dependencies:
    "@eslint-community/eslint-utils" "^4.4.0"
    "@types/json-schema" "^7.0.15"
    "@types/semver" "^7.5.8"
    "@typescript-eslint/scope-manager" "7.8.0"
    "@typescript-eslint/types" "7.8.0"
    "@typescript-eslint/typescript-estree" "7.8.0"
    semver "^7.6.0"

"@typescript-eslint/visitor-keys@7.8.0":
  version "7.8.0"
  resolved "https://registry.npmjs.org/@typescript-eslint/visitor-keys/-/visitor-keys-7.8.0.tgz"
  integrity sha512-q4/gibTNBQNA0lGyYQCmWRS5D15n8rXh4QjK3KV+MBPlTYHpfBUT3D3PaPR/HeNiI9W6R7FvlkcGhNyAoP+caA==
  dependencies:
    "@typescript-eslint/types" "7.8.0"
    eslint-visitor-keys "^3.4.3"

"@ungap/structured-clone@^1.2.0":
  version "1.2.0"

abbrev@1:
  version "1.1.1"

abort-controller@^3.0.0:
  version "3.0.0"
  dependencies:
    event-target-shim "^5.0.0"

abstract-logging@^2.0.1:
  version "2.0.1"

acorn-jsx@^5.3.2:
  version "5.3.2"

acorn-walk@^8.1.1:
  version "8.3.2"

"acorn@^6.0.0 || ^7.0.0 || ^8.0.0", acorn@^8.4.1, acorn@^8.9.0:
  version "8.11.3"

agent-base@6:
  version "6.0.2"
  resolved "https://registry.npmjs.org/agent-base/-/agent-base-6.0.2.tgz"
  integrity sha512-RZNwNclF7+MS/8bDg70amg32dyeZGZxiDuQmZxKLAlQjr3jGyLx+4Kkk58UO7D2QdgFIQCovuSuZESne6RG6XQ==
  dependencies:
    debug "4"

ajv-formats@^2.1.1:
  version "2.1.1"
  dependencies:
    ajv "^8.0.0"

ajv-formats@^3.0.1:
  version "3.0.1"
  dependencies:
    ajv "^8.0.0"

ajv@^6.12.4:
  version "6.12.6"
  dependencies:
    fast-deep-equal "^3.1.1"
    fast-json-stable-stringify "^2.0.0"
    json-schema-traverse "^0.4.1"
    uri-js "^4.2.2"

ajv@^8.0.0, ajv@^8.10.0, ajv@^8.11.0, ajv@^8.13.0:
  version "8.13.0"
  resolved "https://registry.npmjs.org/ajv/-/ajv-8.13.0.tgz"
  integrity sha512-PRA911Blj99jR5RMeTunVbNXMF6Lp4vZXnk5GQjcnUWUTsrXtekg/pnmFFI2u/I36Y/2bITGS30GZCXei6uNkA==
  dependencies:
    fast-deep-equal "^3.1.3"
    json-schema-traverse "^1.0.0"
    require-from-string "^2.0.2"
    uri-js "^4.4.1"

ansi-regex@^5.0.1:
  version "5.0.1"

ansi-styles@^4.1.0:
  version "4.3.0"
  dependencies:
    color-convert "^2.0.1"

anymatch@~3.1.2:
  version "3.1.3"
  dependencies:
    normalize-path "^3.0.0"
    picomatch "^2.0.4"

"aproba@^1.0.3 || ^2.0.0":
  version "2.0.0"
  resolved "https://registry.npmjs.org/aproba/-/aproba-2.0.0.tgz"
  integrity sha512-lYe4Gx7QT+MKGbDsA+Z+he/Wtef0BiwDOlK/XkBrdfsh9J/jPPXbX0tE9x9cl27Tmu5gg3QUbUrQYa/y+KOHPQ==

archy@^1.0.0:
  version "1.0.0"

are-we-there-yet@^2.0.0:
  version "2.0.0"
  resolved "https://registry.npmjs.org/are-we-there-yet/-/are-we-there-yet-2.0.0.tgz"
  integrity sha512-Ci/qENmwHnsYo9xKIcUJN5LeDKdJ6R1Z1j9V/J5wyq8nh/mYPEpIKJbBZXtZjG04HiK7zV/p6Vs9952MrMeUIw==
  dependencies:
    delegates "^1.0.0"
    readable-stream "^3.6.0"

arg@^4.1.0:
  version "4.1.3"

argparse@^2.0.1:
  version "2.0.1"

array-union@^2.1.0:
  version "2.1.0"
  resolved "https://registry.npmjs.org/array-union/-/array-union-2.1.0.tgz"
  integrity sha512-HGyxoOTYUyCM6stUe6EJgnd4EoewAI7zMdfqO+kGjnlZmBDz/cR5pf8r/cR4Wq60sL/p0IkcjUEEPwS3GFrIyw==

atomic-sleep@^1.0.0:
  version "1.0.0"

avvio@^8.3.0:
  version "8.3.0"
  dependencies:
    "@fastify/error" "^3.3.0"
    archy "^1.0.0"
    debug "^4.0.0"
    fastq "^1.17.1"

balanced-match@^1.0.0:
  version "1.0.2"

base64-js@^1.3.1:
  version "1.5.1"

bcrypt@^5.1.1:
  version "5.1.1"
  resolved "https://registry.npmjs.org/bcrypt/-/bcrypt-5.1.1.tgz"
  integrity sha512-AGBHOG5hPYZ5Xl9KXzU5iKq9516yEmvCKDg3ecP5kX2aB6UqTeXZxk2ELnDgDm6BQSMlLt9rDB4LoSMx0rYwww==
  dependencies:
    "@mapbox/node-pre-gyp" "^1.0.11"
    node-addon-api "^5.0.0"

binary-extensions@^2.0.0:
  version "2.3.0"

brace-expansion@^1.1.7:
  version "1.1.11"
  dependencies:
    balanced-match "^1.0.0"
    concat-map "0.0.1"

brace-expansion@^2.0.1:
  version "2.0.1"
  resolved "https://registry.npmjs.org/brace-expansion/-/brace-expansion-2.0.1.tgz"
  integrity sha512-XnAIvQ8eM+kC6aULx6wuQiwVsnzsi9d3WxzV3FpWTGA19F621kwdbsAcFKXgKUHZWsy+mY6iL1sHTxWEFCytDA==
  dependencies:
    balanced-match "^1.0.0"

braces@^3.0.2, braces@~3.0.2:
  version "3.0.2"
  dependencies:
    fill-range "^7.0.1"

buffer@^6.0.3:
  version "6.0.3"
  dependencies:
    base64-js "^1.3.1"
    ieee754 "^1.2.1"

callsites@^3.0.0:
  version "3.1.0"

chalk@^4.0.0:
  version "4.1.2"
  dependencies:
    ansi-styles "^4.1.0"
    supports-color "^7.1.0"

chokidar@^3.5.2:
  version "3.6.0"
  dependencies:
    anymatch "~3.1.2"
    braces "~3.0.2"
    glob-parent "~5.1.2"
    is-binary-path "~2.1.0"
    is-glob "~4.0.1"
    normalize-path "~3.0.0"
    readdirp "~3.6.0"
  optionalDependencies:
    fsevents "~2.3.2"

chownr@^2.0.0:
  version "2.0.0"
  resolved "https://registry.npmjs.org/chownr/-/chownr-2.0.0.tgz"
  integrity sha512-bIomtDF5KGpdogkLd9VspvFzk9KfpyyGlS8YFVZl7TGPBHL5snIOnxeshwVgPteQ9b4Eydl+pVbIyE1DcvCWgQ==

cluster-key-slot@1.1.2:
  version "1.1.2"
  resolved "https://registry.npmjs.org/cluster-key-slot/-/cluster-key-slot-1.1.2.tgz"
  integrity sha512-RMr0FhtfXemyinomL4hrWcYJxmX6deFdCxpJzhDttxgO1+bcCnkk+9drydLVDmAMG7NE6aN/fl4F7ucU/90gAA==

color-convert@^2.0.1:
  version "2.0.1"
  dependencies:
    color-name "~1.1.4"

color-name@~1.1.4:
  version "1.1.4"

color-support@^1.1.2:
  version "1.1.3"
  resolved "https://registry.npmjs.org/color-support/-/color-support-1.1.3.tgz"
  integrity sha512-qiBjkpbMLO/HL68y+lh4q0/O1MZFj2RX6X/KmMa3+gJD3z+WwI1ZzDHysvqHGS3mP6mznPckpXmw1nI9cJjyRg==

concat-map@0.0.1:
  version "0.0.1"

console-control-strings@^1.0.0, console-control-strings@^1.1.0:
  version "1.1.0"
  resolved "https://registry.npmjs.org/console-control-strings/-/console-control-strings-1.1.0.tgz"
  integrity sha512-ty/fTekppD2fIwRvnZAVdeOiGd1c7YXEixbgJTNzqcxJWKQnjJ/V1bNEEE6hygpM3WjwHFUVK6HTjWSzV4a8sQ==

cookie@^0.6.0:
  version "0.6.0"

create-require@^1.1.0:
  version "1.1.1"

cross-spawn@^7.0.2:
  version "7.0.3"
  dependencies:
    path-key "^3.1.0"
    shebang-command "^2.0.0"
    which "^2.0.1"

debug@^4, debug@^4.0.0, debug@^4.3.1, debug@^4.3.2, debug@^4.3.4, debug@4:
  version "4.3.4"
  dependencies:
    ms "2.1.2"

deep-is@^0.1.3:
  version "0.1.4"

delegates@^1.0.0:
  version "1.0.0"
  resolved "https://registry.npmjs.org/delegates/-/delegates-1.0.0.tgz"
  integrity sha512-bd2L678uiWATM6m5Z1VzNCErI3jiGzt6HGY8OVICs40JQq/HALfbyNJmp0UDakEY4pMMaN0Ly5om/B1VI/+xfQ==

denque@^2.1.0:
  version "2.1.0"
  resolved "https://registry.npmjs.org/denque/-/denque-2.1.0.tgz"
  integrity sha512-HVQE3AAb/pxF8fQAoiqpvg9i3evqug3hoiwakOyZAwJm+6vZehbkYXZ0l4JxS+I3QxM97v5aaRNhj8v5oBhekw==

detect-libc@^2.0.0:
  version "2.0.3"
  resolved "https://registry.npmjs.org/detect-libc/-/detect-libc-2.0.3.tgz"
  integrity sha512-bwy0MGW55bG41VqxxypOsdSdGqLwXPI/focwgTYCFMbdUiBAxLg9CFzG08sz2aqzknwiX7Hkl0bQENjg8iLByw==

diff@^4.0.1:
  version "4.0.2"

dir-glob@^3.0.1:
  version "3.0.1"
  resolved "https://registry.npmjs.org/dir-glob/-/dir-glob-3.0.1.tgz"
  integrity sha512-WkrWp9GR4KXfKGYzOLmTuGVi1UWFfws377n9cc55/tb6DuqyF6pcQ5AbiHEshaDpY9v6oaSr2XCDidGmMwdzIA==
  dependencies:
    path-type "^4.0.0"

doctrine@^3.0.0:
  version "3.0.0"
  dependencies:
    esutils "^2.0.2"

emoji-regex@^8.0.0:
  version "8.0.0"
  resolved "https://registry.npmjs.org/emoji-regex/-/emoji-regex-8.0.0.tgz"
  integrity sha512-MSjYzcWNOA0ewAHpz0MxpYFvwg6yjy1NG3xteoqz644VCo/RPgnr1/GGt+ic3iJTzQ8Eu3TdM14SawnVUmGE6A==

escape-string-regexp@^4.0.0:
  version "4.0.0"

eslint-config-prettier@^9.1.0:
  version "9.1.0"

eslint-scope@^7.2.2:
  version "7.2.2"
  dependencies:
    esrecurse "^4.3.0"
    estraverse "^5.2.0"

eslint-visitor-keys@^3.3.0, eslint-visitor-keys@^3.4.1, eslint-visitor-keys@^3.4.3:
  version "3.4.3"

"eslint@^6.0.0 || ^7.0.0 || >=8.0.0", eslint@^8.56.0, eslint@^8.57.0, eslint@>=7.0.0:
  version "8.57.0"
  dependencies:
    "@eslint-community/eslint-utils" "^4.2.0"
    "@eslint-community/regexpp" "^4.6.1"
    "@eslint/eslintrc" "^2.1.4"
    "@eslint/js" "8.57.0"
    "@humanwhocodes/config-array" "^0.11.14"
    "@humanwhocodes/module-importer" "^1.0.1"
    "@nodelib/fs.walk" "^1.2.8"
    "@ungap/structured-clone" "^1.2.0"
    ajv "^6.12.4"
    chalk "^4.0.0"
    cross-spawn "^7.0.2"
    debug "^4.3.2"
    doctrine "^3.0.0"
    escape-string-regexp "^4.0.0"
    eslint-scope "^7.2.2"
    eslint-visitor-keys "^3.4.3"
    espree "^9.6.1"
    esquery "^1.4.2"
    esutils "^2.0.2"
    fast-deep-equal "^3.1.3"
    file-entry-cache "^6.0.1"
    find-up "^5.0.0"
    glob-parent "^6.0.2"
    globals "^13.19.0"
    graphemer "^1.4.0"
    ignore "^5.2.0"
    imurmurhash "^0.1.4"
    is-glob "^4.0.0"
    is-path-inside "^3.0.3"
    js-yaml "^4.1.0"
    json-stable-stringify-without-jsonify "^1.0.1"
    levn "^0.4.1"
    lodash.merge "^4.6.2"
    minimatch "^3.1.2"
    natural-compare "^1.4.0"
    optionator "^0.9.3"
    strip-ansi "^6.0.1"
    text-table "^0.2.0"

espree@^9.6.0, espree@^9.6.1:
  version "9.6.1"
  dependencies:
    acorn "^8.9.0"
    acorn-jsx "^5.3.2"
    eslint-visitor-keys "^3.4.1"

esquery@^1.4.2:
  version "1.5.0"
  dependencies:
    estraverse "^5.1.0"

esrecurse@^4.3.0:
  version "4.3.0"
  dependencies:
    estraverse "^5.2.0"

estraverse@^5.1.0, estraverse@^5.2.0:
  version "5.3.0"

esutils@^2.0.2:
  version "2.0.3"

event-target-shim@^5.0.0:
  version "5.0.1"

events@^3.3.0:
  version "3.3.0"

fast-content-type-parse@^1.1.0:
  version "1.1.0"

fast-decode-uri-component@^1.0.1:
  version "1.0.1"

fast-deep-equal@^3.1.1, fast-deep-equal@^3.1.3:
  version "3.1.3"

fast-glob@^3.2.9:
  version "3.3.2"
  resolved "https://registry.npmjs.org/fast-glob/-/fast-glob-3.3.2.tgz"
  integrity sha512-oX2ruAFQwf/Orj8m737Y5adxDQO0LAB7/S5MnxCdTNDd4p6BsyIVsv9JQsATbTSq8KHRpLwIHbVlUNatxd+1Ow==
  dependencies:
    "@nodelib/fs.stat" "^2.0.2"
    "@nodelib/fs.walk" "^1.2.3"
    glob-parent "^5.1.2"
    merge2 "^1.3.0"
    micromatch "^4.0.4"

fast-json-stable-stringify@^2.0.0:
  version "2.1.0"

fast-json-stringify@^5.7.0, fast-json-stringify@^5.8.0:
  version "5.15.0"
  dependencies:
    "@fastify/merge-json-schemas" "^0.1.0"
    ajv "^8.10.0"
    ajv-formats "^3.0.1"
    fast-deep-equal "^3.1.3"
    fast-uri "^2.1.0"
    json-schema-ref-resolver "^1.0.1"
    rfdc "^1.2.0"

fast-levenshtein@^2.0.6:
  version "2.0.6"

fast-querystring@^1.0.0:
  version "1.1.2"
  dependencies:
    fast-decode-uri-component "^1.0.1"

fast-redact@^3.1.1:
  version "3.5.0"

fast-uri@^2.0.0, fast-uri@^2.1.0:
  version "2.3.0"

fastify-plugin@^4.0.0:
  version "4.5.1"
  resolved "https://registry.npmjs.org/fastify-plugin/-/fastify-plugin-4.5.1.tgz"
  integrity sha512-stRHYGeuqpEZTL1Ef0Ovr2ltazUT9g844X5z/zEBFLG8RYlpDiOCIG+ATvYEp+/zmc7sN29mcIMp8gvYplYPIQ==

fastify@^4.26.2:
  version "4.26.2"
  dependencies:
    "@fastify/ajv-compiler" "^3.5.0"
    "@fastify/error" "^3.4.0"
    "@fastify/fast-json-stringify-compiler" "^4.3.0"
    abstract-logging "^2.0.1"
    avvio "^8.3.0"
    fast-content-type-parse "^1.1.0"
    fast-json-stringify "^5.8.0"
    find-my-way "^8.0.0"
    light-my-request "^5.11.0"
    pino "^8.17.0"
    process-warning "^3.0.0"
    proxy-addr "^2.0.7"
    rfdc "^1.3.0"
    secure-json-parse "^2.7.0"
    semver "^7.5.4"
    toad-cache "^3.3.0"

fastq@^1.17.1, fastq@^1.6.0:
  version "1.17.1"
  dependencies:
    reusify "^1.0.4"

file-entry-cache@^6.0.1:
  version "6.0.1"
  dependencies:
    flat-cache "^3.0.4"

fill-range@^7.0.1:
  version "7.0.1"
  dependencies:
    to-regex-range "^5.0.1"

find-my-way@^8.0.0:
  version "8.1.0"
  dependencies:
    fast-deep-equal "^3.1.3"
    fast-querystring "^1.0.0"
    safe-regex2 "^2.0.0"

find-up@^5.0.0:
  version "5.0.0"
  dependencies:
    locate-path "^6.0.0"
    path-exists "^4.0.0"

flat-cache@^3.0.4:
  version "3.2.0"
  dependencies:
    flatted "^3.2.9"
    keyv "^4.5.3"
    rimraf "^3.0.2"

flatted@^3.2.9:
  version "3.3.1"

forwarded@0.2.0:
  version "0.2.0"

fs-minipass@^2.0.0:
  version "2.1.0"
  resolved "https://registry.npmjs.org/fs-minipass/-/fs-minipass-2.1.0.tgz"
  integrity sha512-V/JgOLFCS+R6Vcq0slCuaeWEdNC3ouDlJMNIsacH2VtALiu9mV4LPrHc5cDl8k5aw6J8jwgWWpiTo5RYhmIzvg==
  dependencies:
    minipass "^3.0.0"

fs.realpath@^1.0.0:
  version "1.0.0"

gauge@^3.0.0:
  version "3.0.2"
  resolved "https://registry.npmjs.org/gauge/-/gauge-3.0.2.tgz"
  integrity sha512-+5J6MS/5XksCuXq++uFRsnUd7Ovu1XenbeuIuNRJxYWjgQbPuFhT14lAvsWfqfAmnwluf1OwMjz39HjfLPci0Q==
  dependencies:
    aproba "^1.0.3 || ^2.0.0"
    color-support "^1.1.2"
    console-control-strings "^1.0.0"
    has-unicode "^2.0.1"
    object-assign "^4.1.1"
    signal-exit "^3.0.0"
    string-width "^4.2.3"
    strip-ansi "^6.0.1"
    wide-align "^1.1.2"

generate-function@^2.3.1:
  version "2.3.1"
  resolved "https://registry.npmjs.org/generate-function/-/generate-function-2.3.1.tgz"
  integrity sha512-eeB5GfMNeevm/GRYq20ShmsaGcmI81kIX2K9XQx5miC8KdHaC6Jm0qQ8ZNeGOi7wYB8OsdxKs+Y2oVuTFuVwKQ==
  dependencies:
    is-property "^1.0.2"

generic-pool@3.9.0:
  version "3.9.0"
  resolved "https://registry.npmjs.org/generic-pool/-/generic-pool-3.9.0.tgz"
  integrity sha512-hymDOu5B53XvN4QT9dBmZxPX4CWhBPPLguTZ9MMFeFa/Kg0xWVfylOVNlJji/E7yTZWFd/q9GO5TxDLq156D7g==

glob-parent@^5.1.2, glob-parent@~5.1.2:
  version "5.1.2"
  dependencies:
    is-glob "^4.0.1"

glob-parent@^6.0.2:
  version "6.0.2"
  dependencies:
    is-glob "^4.0.3"

glob@^7.1.3:
  version "7.2.3"
  dependencies:
    fs.realpath "^1.0.0"
    inflight "^1.0.4"
    inherits "2"
    minimatch "^3.1.1"
    once "^1.3.0"
    path-is-absolute "^1.0.0"

globals@^13.19.0:
  version "13.24.0"
  dependencies:
    type-fest "^0.20.2"

globby@^11.1.0:
  version "11.1.0"
  resolved "https://registry.npmjs.org/globby/-/globby-11.1.0.tgz"
  integrity sha512-jhIXaOzy1sb8IyocaruWSn1TjmnBVs8Ayhcy83rmxNJ8q2uWKCAj3CnJY+KpGSXCueAPc0i05kVvVKtP1t9S3g==
  dependencies:
    array-union "^2.1.0"
    dir-glob "^3.0.1"
    fast-glob "^3.2.9"
    ignore "^5.2.0"
    merge2 "^1.4.1"
    slash "^3.0.0"

graphemer@^1.4.0:
  version "1.4.0"

has-flag@^3.0.0:
  version "3.0.0"

has-flag@^4.0.0:
  version "4.0.0"

has-unicode@^2.0.1:
  version "2.0.1"
  resolved "https://registry.npmjs.org/has-unicode/-/has-unicode-2.0.1.tgz"
  integrity sha512-8Rf9Y83NBReMnx0gFzA8JImQACstCYWUplepDa9xprwwtmgEZUF0h/i5xSA625zB/I37EtrswSST6OXxwaaIJQ==

https-proxy-agent@^5.0.0:
  version "5.0.1"
  resolved "https://registry.npmjs.org/https-proxy-agent/-/https-proxy-agent-5.0.1.tgz"
  integrity sha512-dFcAjpTQFgoLMzC2VwU+C/CbS7uRL0lWmxDITmqm7C+7F0Odmj6s9l6alZc6AELXhrnggM2CeWSXHGOdX2YtwA==
  dependencies:
    agent-base "6"
    debug "4"

iconv-lite@^0.6.3:
  version "0.6.3"
  resolved "https://registry.npmjs.org/iconv-lite/-/iconv-lite-0.6.3.tgz"
  integrity sha512-4fCk79wshMdzMp2rH06qWrJE4iolqLhCUH+OiuIgU++RB0+94NlDL81atO7GX55uUKueo0txHNtvEyI6D7WdMw==
  dependencies:
    safer-buffer ">= 2.1.2 < 3.0.0"

ieee754@^1.2.1:
  version "1.2.1"

ignore-by-default@^1.0.1:
  version "1.0.1"

ignore@^5.2.0, ignore@^5.3.1:
  version "5.3.1"

import-fresh@^3.2.1:
  version "3.3.0"
  dependencies:
    parent-module "^1.0.0"
    resolve-from "^4.0.0"

imurmurhash@^0.1.4:
  version "0.1.4"

inflight@^1.0.4:
  version "1.0.6"
  dependencies:
    once "^1.3.0"
    wrappy "1"

inherits@^2.0.3, inherits@2:
  version "2.0.4"

ipaddr.js@1.9.1:
  version "1.9.1"

is-binary-path@~2.1.0:
  version "2.1.0"
  dependencies:
    binary-extensions "^2.0.0"

is-extglob@^2.1.1:
  version "2.1.1"

is-fullwidth-code-point@^3.0.0:
  version "3.0.0"
  resolved "https://registry.npmjs.org/is-fullwidth-code-point/-/is-fullwidth-code-point-3.0.0.tgz"
  integrity sha512-zymm5+u+sCsSWyD9qNaejV3DFvhCKclKdizYaJUuHA83RLjb7nSuGnddCHGv0hk+KY7BMAlsWeK4Ueg6EV6XQg==

is-glob@^4.0.0, is-glob@^4.0.1, is-glob@^4.0.3, is-glob@~4.0.1:
  version "4.0.3"
  dependencies:
    is-extglob "^2.1.1"

is-number@^7.0.0:
  version "7.0.0"

is-path-inside@^3.0.3:
  version "3.0.3"

is-property@^1.0.2:
  version "1.0.2"
  resolved "https://registry.npmjs.org/is-property/-/is-property-1.0.2.tgz"
  integrity sha512-Ks/IoX00TtClbGQr4TWXemAnktAQvYB7HzcCxDGqEZU6oCmb2INHuOoKxbtR+HFkmYWBKv/dOZtGRiAjDhj92g==

isexe@^2.0.0:
  version "2.0.0"

js-yaml@^4.1.0:
  version "4.1.0"
  dependencies:
    argparse "^2.0.1"

json-buffer@3.0.1:
  version "3.0.1"

json-schema-ref-resolver@^1.0.1:
  version "1.0.1"
  dependencies:
    fast-deep-equal "^3.1.3"

json-schema-traverse@^0.4.1:
  version "0.4.1"

json-schema-traverse@^1.0.0:
  version "1.0.0"

json-stable-stringify-without-jsonify@^1.0.1:
  version "1.0.1"

keyv@^4.5.3:
  version "4.5.4"
  dependencies:
    json-buffer "3.0.1"

levn@^0.4.1:
  version "0.4.1"
  dependencies:
    prelude-ls "^1.2.1"
    type-check "~0.4.0"

light-my-request@^5.11.0:
  version "5.13.0"
  dependencies:
    cookie "^0.6.0"
    process-warning "^3.0.0"
    set-cookie-parser "^2.4.1"

locate-path@^6.0.0:
  version "6.0.0"
  dependencies:
    p-locate "^5.0.0"

lodash.merge@^4.6.2:
  version "4.6.2"

long@^5.2.1:
  version "5.2.3"
  resolved "https://registry.npmjs.org/long/-/long-5.2.3.tgz"
  integrity sha512-lcHwpNoggQTObv5apGNCTdJrO69eHOZMi4BNC+rTLER8iHAqGrUVeLh/irVIM7zTw2bOXA8T6uNPeujwOLg/2Q==

lru-cache@^6.0.0:
  version "6.0.0"
  dependencies:
    yallist "^4.0.0"

lru-cache@^7.14.1:
  version "7.18.3"
  resolved "https://registry.npmjs.org/lru-cache/-/lru-cache-7.18.3.tgz"
  integrity sha512-jumlc0BIUrS3qJGgIkWZsyfAM7NCWiBcCDhnd+3NNM5KbBmLTgHVfWBcg6W+rLUsIpzpERPsvwUP7CckAQSOoA==

lru-cache@^8.0.0:
  version "8.0.5"
  resolved "https://registry.npmjs.org/lru-cache/-/lru-cache-8.0.5.tgz"
  integrity sha512-MhWWlVnuab1RG5/zMRRcVGXZLCXrZTgfwMikgzCegsPnG62yDQo5JnqKkrK4jO5iKqDAZGItAqN5CtKBCBWRUA==

make-dir@^3.1.0:
  version "3.1.0"
  resolved "https://registry.npmjs.org/make-dir/-/make-dir-3.1.0.tgz"
  integrity sha512-g3FeP20LNwhALb/6Cz6Dd4F2ngze0jz7tbzrD2wAV+o9FeNHe4rL+yK2md0J/fiSf1sa1ADhXqi5+oVwOM/eGw==
  dependencies:
    semver "^6.0.0"

make-error@^1.1.1:
  version "1.3.6"

merge2@^1.3.0, merge2@^1.4.1:
  version "1.4.1"
  resolved "https://registry.npmjs.org/merge2/-/merge2-1.4.1.tgz"
  integrity sha512-8q7VEgMJW4J8tcfVPy8g09NcQwZdbwFEqhe/WZkoIzjn/3TGDwtOCYtXGxA3O8tPzpczCCDgv+P2P5y00ZJOOg==

micromatch@^4.0.4:
  version "4.0.5"
  resolved "https://registry.npmjs.org/micromatch/-/micromatch-4.0.5.tgz"
  integrity sha512-DMy+ERcEW2q8Z2Po+WNXuw3c5YaUSFjAO5GsJqfEl7UjvtIuFKO6ZrKvcItdy98dwFI2N1tg3zNIdKaQT+aNdA==
  dependencies:
    braces "^3.0.2"
    picomatch "^2.3.1"

minimatch@^3.0.5, minimatch@^3.1.1, minimatch@^3.1.2:
  version "3.1.2"
  dependencies:
    brace-expansion "^1.1.7"

minimatch@^9.0.4:
  version "9.0.4"
  resolved "https://registry.npmjs.org/minimatch/-/minimatch-9.0.4.tgz"
  integrity sha512-KqWh+VchfxcMNRAJjj2tnsSJdNbHsVgnkBhTNrW7AjVo6OvLtxw8zfT9oLw1JSohlFzJ8jCoTgaoXvJ+kHt6fw==
  dependencies:
    brace-expansion "^2.0.1"

minipass@^3.0.0:
  version "3.3.6"
  resolved "https://registry.npmjs.org/minipass/-/minipass-3.3.6.tgz"
  integrity sha512-DxiNidxSEK+tHG6zOIklvNOwm3hvCrbUrdtzY74U6HKTJxvIDfOUL5W5P2Ghd3DTkhhKPYGqeNUIh5qcM4YBfw==
  dependencies:
    yallist "^4.0.0"

minipass@^5.0.0:
  version "5.0.0"
  resolved "https://registry.npmjs.org/minipass/-/minipass-5.0.0.tgz"
  integrity sha512-3FnjYuehv9k6ovOEbyOswadCDPX1piCfhV8ncmYtHOjuPwylVWsghTLo7rabjC3Rx5xD4HDx8Wm1xnMF7S5qFQ==

minizlib@^2.1.1:
  version "2.1.2"
  resolved "https://registry.npmjs.org/minizlib/-/minizlib-2.1.2.tgz"
  integrity sha512-bAxsR8BVfj60DWXHE3u30oHzfl4G7khkSuPW+qvpd7jFRHm7dLxOjUk1EHACJ/hxLY8phGJ0YhYHZo7jil7Qdg==
  dependencies:
    minipass "^3.0.0"
    yallist "^4.0.0"

mkdirp@^1.0.3:
  version "1.0.4"
  resolved "https://registry.npmjs.org/mkdirp/-/mkdirp-1.0.4.tgz"
  integrity sha512-vVqVZQyf3WLx2Shd0qJ9xuvqgAyKPLAiqITEtqW0oIUjzo3PePDd6fW9iFz30ef7Ysp/oiWqbhszeGWW2T6Gzw==

ms@2.1.2:
  version "2.1.2"

mysql2@^3.9.7:
  version "3.9.7"
  resolved "https://registry.npmjs.org/mysql2/-/mysql2-3.9.7.tgz"
  integrity sha512-KnJT8vYRcNAZv73uf9zpXqNbvBG7DJrs+1nACsjZP1HMJ1TgXEy8wnNilXAn/5i57JizXKtrUtwDB7HxT9DDpw==
  dependencies:
    denque "^2.1.0"
    generate-function "^2.3.1"
    iconv-lite "^0.6.3"
    long "^5.2.1"
    lru-cache "^8.0.0"
    named-placeholders "^1.1.3"
    seq-queue "^0.0.5"
    sqlstring "^2.3.2"

named-placeholders@^1.1.3:
  version "1.1.3"
  resolved "https://registry.npmjs.org/named-placeholders/-/named-placeholders-1.1.3.tgz"
  integrity sha512-eLoBxg6wE/rZkJPhU/xRX1WTpkFEwDJEN96oxFrTsqBdbT5ec295Q+CoHrL9IT0DipqKhmGcaZmwOt8OON5x1w==
  dependencies:
    lru-cache "^7.14.1"

natural-compare@^1.4.0:
  version "1.4.0"

node-addon-api@^5.0.0:
  version "5.1.0"
  resolved "https://registry.npmjs.org/node-addon-api/-/node-addon-api-5.1.0.tgz"
  integrity sha512-eh0GgfEkpnoWDq+VY8OyvYhFEzBk6jIYbRKdIlyTiAXIVJ8PyBaKb0rp7oDtoddbdoHWhq8wwr+XZ81F1rpNdA==

node-fetch@^2.6.7:
  version "2.7.0"
  resolved "https://registry.npmjs.org/node-fetch/-/node-fetch-2.7.0.tgz"
  integrity sha512-c4FRfUm/dbcWZ7U+1Wq0AwCyFL+3nt2bEw05wfxSz+DWpWsitgmSgYmy2dQdWyKC1694ELPqMs/YzUSNozLt8A==
  dependencies:
    whatwg-url "^5.0.0"

nodemon@^3.1.0:
  version "3.1.0"
  dependencies:
    chokidar "^3.5.2"
    debug "^4"
    ignore-by-default "^1.0.1"
    minimatch "^3.1.2"
    pstree.remy "^1.1.8"
    semver "^7.5.3"
    simple-update-notifier "^2.0.0"
    supports-color "^5.5.0"
    touch "^3.1.0"
    undefsafe "^2.0.5"

nopt@^5.0.0:
  version "5.0.0"
  resolved "https://registry.npmjs.org/nopt/-/nopt-5.0.0.tgz"
  integrity sha512-Tbj67rffqceeLpcRXrT7vKAN8CwfPeIBgM7E6iBkmKLV7bEMwpGgYLGv0jACUsECaa/vuxP0IjEont6umdMgtQ==
  dependencies:
    abbrev "1"

nopt@~1.0.10:
  version "1.0.10"
  dependencies:
    abbrev "1"

normalize-path@^3.0.0, normalize-path@~3.0.0:
  version "3.0.0"

npmlog@^5.0.1:
  version "5.0.1"
  resolved "https://registry.npmjs.org/npmlog/-/npmlog-5.0.1.tgz"
  integrity sha512-AqZtDUWOMKs1G/8lwylVjrdYgqA4d9nu8hc+0gzRxlDb1I10+FHBGMXs6aiQHFdCUUlqH99MUMuLfzWDNDtfxw==
  dependencies:
    are-we-there-yet "^2.0.0"
    console-control-strings "^1.1.0"
    gauge "^3.0.0"
    set-blocking "^2.0.0"

object-assign@^4.1.1:
  version "4.1.1"
  resolved "https://registry.npmjs.org/object-assign/-/object-assign-4.1.1.tgz"
  integrity sha512-rJgTQnkUnH1sFw8yT6VSU3zD3sWmu6sZhIseY8VX+GRu3P6F7Fu+JNDoXfklElbLJSnc3FUQHVe4cU5hj+BcUg==

on-exit-leak-free@^2.1.0:
  version "2.1.2"

once@^1.3.0:
  version "1.4.0"
  dependencies:
    wrappy "1"

optionator@^0.9.3:
  version "0.9.3"
  dependencies:
    "@aashutoshrathi/word-wrap" "^1.2.3"
    deep-is "^0.1.3"
    fast-levenshtein "^2.0.6"
    levn "^0.4.1"
    prelude-ls "^1.2.1"
    type-check "^0.4.0"

p-limit@^3.0.2:
  version "3.1.0"
  dependencies:
    yocto-queue "^0.1.0"

p-locate@^5.0.0:
  version "5.0.0"
  dependencies:
    p-limit "^3.0.2"

parent-module@^1.0.0:
  version "1.0.1"
  dependencies:
    callsites "^3.0.0"

path-exists@^4.0.0:
  version "4.0.0"

path-is-absolute@^1.0.0:
  version "1.0.1"

path-key@^3.1.0:
  version "3.1.1"

path-type@^4.0.0:
  version "4.0.0"
  resolved "https://registry.npmjs.org/path-type/-/path-type-4.0.0.tgz"
  integrity sha512-gDKb8aZMDeD/tZWs9P6+q0J9Mwkdl6xMV8TjnGP3qJVJ06bdMgkbBlLU8IdfOsIsFz2BW1rNVT3XuNEl8zPAvw==

picomatch@^2.0.4, picomatch@^2.2.1, picomatch@^2.3.1:
  version "2.3.1"

pino-abstract-transport@^1.2.0:
  version "1.2.0"
  dependencies:
    readable-stream "^4.0.0"
    split2 "^4.0.0"

pino-std-serializers@^6.0.0:
  version "6.2.2"

pino@^8.17.0:
  version "8.21.0"
  dependencies:
    atomic-sleep "^1.0.0"
    fast-redact "^3.1.1"
    on-exit-leak-free "^2.1.0"
    pino-abstract-transport "^1.2.0"
    pino-std-serializers "^6.0.0"
    process-warning "^3.0.0"
    quick-format-unescaped "^4.0.3"
    real-require "^0.2.0"
    safe-stable-stringify "^2.3.1"
    sonic-boom "^3.7.0"
    thread-stream "^2.6.0"

prelude-ls@^1.2.1:
  version "1.2.1"

prettier@^3.2.5:
  version "3.2.5"

process-warning@^3.0.0:
  version "3.0.0"

process@^0.11.10:
  version "0.11.10"

proxy-addr@^2.0.7:
  version "2.0.7"
  dependencies:
    forwarded "0.2.0"
    ipaddr.js "1.9.1"

pstree.remy@^1.1.8:
  version "1.1.8"

punycode@^2.1.0:
  version "2.3.1"

queue-microtask@^1.2.2:
  version "1.2.3"

quick-format-unescaped@^4.0.3:
  version "4.0.4"

readable-stream@^3.6.0:
  version "3.6.2"
  resolved "https://registry.npmjs.org/readable-stream/-/readable-stream-3.6.2.tgz"
  integrity sha512-9u/sniCrY3D5WdsERHzHE4G2YCXqoG5FTHUiCC4SIbr6XcLZBY05ya9EKjYek9O5xOAwjGq+1JdGBAS7Q9ScoA==
  dependencies:
    inherits "^2.0.3"
    string_decoder "^1.1.1"
    util-deprecate "^1.0.1"

readable-stream@^4.0.0:
  version "4.5.2"
  dependencies:
    abort-controller "^3.0.0"
    buffer "^6.0.3"
    events "^3.3.0"
    process "^0.11.10"
    string_decoder "^1.3.0"

readdirp@~3.6.0:
  version "3.6.0"
  dependencies:
    picomatch "^2.2.1"

real-require@^0.2.0:
  version "0.2.0"

redis@^4.6.13:
  version "4.6.13"
  resolved "https://registry.npmjs.org/redis/-/redis-4.6.13.tgz"
  integrity sha512-MHgkS4B+sPjCXpf+HfdetBwbRz6vCtsceTmw1pHNYJAsYxrfpOP6dz+piJWGos8wqG7qb3vj/Rrc5qOlmInUuA==
  dependencies:
    "@redis/bloom" "1.2.0"
    "@redis/client" "1.5.14"
    "@redis/graph" "1.1.1"
    "@redis/json" "1.0.6"
    "@redis/search" "1.1.6"
    "@redis/time-series" "1.0.5"

require-from-string@^2.0.2:
  version "2.0.2"

resolve-from@^4.0.0:
  version "4.0.0"

ret@~0.2.0:
  version "0.2.2"

reusify@^1.0.4:
  version "1.0.4"

rfdc@^1.2.0, rfdc@^1.3.0:
  version "1.3.1"

rimraf@^3.0.2:
  version "3.0.2"
  dependencies:
    glob "^7.1.3"

run-parallel@^1.1.9:
  version "1.2.0"
  dependencies:
    queue-microtask "^1.2.2"

safe-buffer@~5.2.0:
  version "5.2.1"

safe-regex2@^2.0.0:
  version "2.0.0"
  dependencies:
    ret "~0.2.0"

safe-stable-stringify@^2.3.1:
  version "2.4.3"

"safer-buffer@>= 2.1.2 < 3.0.0":
  version "2.1.2"
  resolved "https://registry.npmjs.org/safer-buffer/-/safer-buffer-2.1.2.tgz"
  integrity sha512-YZo3K82SD7Riyi0E1EQPojLz7kpepnSQI9IyPbHHg1XXXevb5dJI7tpyN2ADxGcQbHG7vcyRHk0cbwqcQriUtg==

secure-json-parse@^2.7.0:
  version "2.7.0"

semver@^6.0.0:
  version "6.3.1"
  resolved "https://registry.npmjs.org/semver/-/semver-6.3.1.tgz"
  integrity sha512-BR7VvDCVHO+q2xBEWskxS6DJE1qRnb7DxzUrogb71CWoSficBxYsiAGd+Kl0mmq/MprG9yArRkyrQxTO6XjMzA==

semver@^7.3.5, semver@^7.5.3, semver@^7.5.4, semver@^7.6.0:
  version "7.6.0"
  dependencies:
    lru-cache "^6.0.0"

seq-queue@^0.0.5:
  version "0.0.5"
  resolved "https://registry.npmjs.org/seq-queue/-/seq-queue-0.0.5.tgz"
  integrity sha512-hr3Wtp/GZIc/6DAGPDcV4/9WoZhjrkXsi5B/07QgX8tsdc6ilr7BFM6PM6rbdAX1kFSDYeZGLipIZZKyQP0O5Q==

set-blocking@^2.0.0:
  version "2.0.0"
  resolved "https://registry.npmjs.org/set-blocking/-/set-blocking-2.0.0.tgz"
  integrity sha512-KiKBS8AnWGEyLzofFfmvKwpdPzqiy16LvQfK3yv/fVH7Bj13/wl3JSR1J+rfgRE9q7xUJK4qvgS8raSOeLUehw==

set-cookie-parser@^2.4.1:
  version "2.6.0"

shebang-command@^2.0.0:
  version "2.0.0"
  dependencies:
    shebang-regex "^3.0.0"

shebang-regex@^3.0.0:
  version "3.0.0"

signal-exit@^3.0.0:
  version "3.0.7"
  resolved "https://registry.npmjs.org/signal-exit/-/signal-exit-3.0.7.tgz"
  integrity sha512-wnD2ZE+l+SPC/uoS0vXeE9L1+0wuaMqKlfz9AMUo38JsyLSBWSFcHR1Rri62LZc12vLr1gb3jl7iwQhgwpAbGQ==

simple-update-notifier@^2.0.0:
  version "2.0.0"
  dependencies:
    semver "^7.5.3"

slash@^3.0.0:
  version "3.0.0"
  resolved "https://registry.npmjs.org/slash/-/slash-3.0.0.tgz"
  integrity sha512-g9Q1haeby36OSStwb4ntCGGGaKsaVSjQ68fBxoQcutl5fS1vuY18H3wSt3jFyFtrkx+Kz0V1G85A4MyAdDMi2Q==

sonic-boom@^3.7.0:
  version "3.8.1"
  dependencies:
    atomic-sleep "^1.0.0"

split2@^4.0.0:
  version "4.2.0"

sqlstring@^2.3.2:
  version "2.3.3"
  resolved "https://registry.npmjs.org/sqlstring/-/sqlstring-2.3.3.tgz"
  integrity sha512-qC9iz2FlN7DQl3+wjwn3802RTyjCx7sDvfQEXchwa6CWOx07/WVfh91gBmQ9fahw8snwGEWU3xGzOt4tFyHLxg==

string_decoder@^1.1.1, string_decoder@^1.3.0:
  version "1.3.0"
  dependencies:
    safe-buffer "~5.2.0"

"string-width@^1.0.2 || 2 || 3 || 4", string-width@^4.2.3:
  version "4.2.3"
  resolved "https://registry.npmjs.org/string-width/-/string-width-4.2.3.tgz"
  integrity sha512-wKyQRQpjJ0sIp62ErSZdGsjMJWsap5oRNihHhu6G7JVO/9jIB6UyevL+tXuOqrng8j/cxKTWyWUwvSTriiZz/g==
  dependencies:
    emoji-regex "^8.0.0"
    is-fullwidth-code-point "^3.0.0"
    strip-ansi "^6.0.1"

strip-ansi@^6.0.1:
  version "6.0.1"
  dependencies:
    ansi-regex "^5.0.1"

strip-json-comments@^3.1.1:
  version "3.1.1"

supports-color@^5.5.0:
  version "5.5.0"
  dependencies:
    has-flag "^3.0.0"

supports-color@^7.1.0:
  version "7.2.0"
  dependencies:
    has-flag "^4.0.0"

tar@^6.1.11:
  version "6.2.1"
  resolved "https://registry.npmjs.org/tar/-/tar-6.2.1.tgz"
  integrity sha512-DZ4yORTwrbTj/7MZYq2w+/ZFdI6OZ/f9SFHR+71gIVUZhOQPHzVCLpvRnPgyaMpfWxxk/4ONva3GQSyNIKRv6A==
  dependencies:
    chownr "^2.0.0"
    fs-minipass "^2.0.0"
    minipass "^5.0.0"
    minizlib "^2.1.1"
    mkdirp "^1.0.3"
    yallist "^4.0.0"

text-table@^0.2.0:
  version "0.2.0"

thread-stream@^2.6.0:
  version "2.7.0"
  dependencies:
    real-require "^0.2.0"

to-regex-range@^5.0.1:
  version "5.0.1"
  dependencies:
    is-number "^7.0.0"

toad-cache@^3.3.0:
  version "3.7.0"

touch@^3.1.0:
  version "3.1.0"
  dependencies:
    nopt "~1.0.10"

tr46@~0.0.3:
  version "0.0.3"
  resolved "https://registry.npmjs.org/tr46/-/tr46-0.0.3.tgz"
  integrity sha512-N3WMsuqV66lT30CrXNbEjx4GEwlow3v6rr4mCcv6prnfwhS01rkgyFdjPNBYd9br7LpXV1+Emh01fHnq2Gdgrw==

ts-api-utils@^1.3.0:
  version "1.3.0"
  resolved "https://registry.npmjs.org/ts-api-utils/-/ts-api-utils-1.3.0.tgz"
  integrity sha512-UQMIo7pb8WRomKR1/+MFVLTroIvDVtMX3K6OUir8ynLyzB8Jeriont2bTAtmNPa1ekAgN7YPDyf6V+ygrdU+eQ==

ts-node@^10.9.2:
  version "10.9.2"
  dependencies:
    "@cspotcode/source-map-support" "^0.8.0"
    "@tsconfig/node10" "^1.0.7"
    "@tsconfig/node12" "^1.0.7"
    "@tsconfig/node14" "^1.0.0"
    "@tsconfig/node16" "^1.0.2"
    acorn "^8.4.1"
    acorn-walk "^8.1.1"
    arg "^4.1.0"
    create-require "^1.1.0"
    diff "^4.0.1"
    make-error "^1.1.1"
    v8-compile-cache-lib "^3.0.1"
    yn "3.1.1"

type-check@^0.4.0, type-check@~0.4.0:
  version "0.4.0"
  dependencies:
    prelude-ls "^1.2.1"

type-fest@^0.20.2:
  version "0.20.2"

typescript-eslint@^7.8.0:
  version "7.8.0"
  resolved "https://registry.npmjs.org/typescript-eslint/-/typescript-eslint-7.8.0.tgz"
  integrity sha512-sheFG+/D8N/L7gC3WT0Q8sB97Nm573Yfr+vZFzl/4nBdYcmviBPtwGSX9TJ7wpVg28ocerKVOt+k2eGmHzcgVA==
  dependencies:
    "@typescript-eslint/eslint-plugin" "7.8.0"
    "@typescript-eslint/parser" "7.8.0"
    "@typescript-eslint/utils" "7.8.0"

typescript@^5.4.5, typescript@>=2.7, typescript@>=4.2.0:
  version "5.4.5"

undefsafe@^2.0.5:
  version "2.0.5"

undici-types@~5.26.4:
  version "5.26.5"

uri-js@^4.2.2, uri-js@^4.4.1:
  version "4.4.1"
  dependencies:
    punycode "^2.1.0"

util-deprecate@^1.0.1:
  version "1.0.2"
  resolved "https://registry.npmjs.org/util-deprecate/-/util-deprecate-1.0.2.tgz"
  integrity sha512-EPD5q1uXyFxJpCrLnCc1nHnq3gOa6DZBocAIiI2TaSCA7VCJ1UJDMagCzIkXNsUYfD1daK//LTEQ8xiIbrHtcw==

v8-compile-cache-lib@^3.0.1:
  version "3.0.1"

webidl-conversions@^3.0.0:
  version "3.0.1"
  resolved "https://registry.npmjs.org/webidl-conversions/-/webidl-conversions-3.0.1.tgz"
  integrity sha512-2JAn3z8AR6rjK8Sm8orRC0h/bcl/DqL7tRPdGZ4I1CjdF+EaMLmYxBHyXuKL849eucPFhvBoxMsflfOb8kxaeQ==

whatwg-url@^5.0.0:
  version "5.0.0"
  resolved "https://registry.npmjs.org/whatwg-url/-/whatwg-url-5.0.0.tgz"
  integrity sha512-saE57nupxk6v3HY35+jzBwYa0rKSy0XR8JSxZPwgLr7ys0IBzhGviA1/TUGJLmSVqs8pb9AnvICXEuOHLprYTw==
  dependencies:
    tr46 "~0.0.3"
    webidl-conversions "^3.0.0"

which@^2.0.1:
  version "2.0.2"
  dependencies:
    isexe "^2.0.0"

wide-align@^1.1.2:
  version "1.1.5"
  resolved "https://registry.npmjs.org/wide-align/-/wide-align-1.1.5.tgz"
  integrity sha512-eDMORYaPNZ4sQIuuYPDHdQvf4gyCF9rEEV/yPxGfwPkRodwEgiMUUXTx/dex+Me0wxx53S+NgUHaP7y3MGlDmg==
  dependencies:
    string-width "^1.0.2 || 2 || 3 || 4"

wrappy@1:
  version "1.0.2"

yallist@^4.0.0, yallist@4.0.0:
  version "4.0.0"

yn@3.1.1:
  version "3.1.1"

yocto-queue@^0.1.0:
  version "0.1.0"
